// !$*UTF8*$!
{
	archiveVersion = 1;
	classes = {
	};
	objectVersion = 77;
	objects = {

/* Begin PBXBuildFile section */
		FQ000000000000000000B003 /* FocusActivityAttributes.swift in Sources (app) */ = {isa = PBXBuildFile; fileRef = FQ000000000000000000B002 /* FocusActivityAttributes.swift */; };
		FQ000000000000000000B004 /* FocusActivityAttributes.swift in Sources (widget) */ = {isa = PBXBuildFile; fileRef = FQ000000000000000000B002 /* FocusActivityAttributes.swift */; };
		FQ000000000000000000B041 /* FocusQuestWidgetsExtension.appex in Embed Foundation Extensions */ = {isa = PBXBuildFile; fileRef = FQ000000000000000000B001 /* FocusQuestWidgetsExtension.appex */; };
/* End PBXBuildFile section */

/* Begin PBXCopyFilesBuildPhase section */
		FQ000000000000000000B040 /* Embed Foundation Extensions */ = {
			isa = PBXCopyFilesBuildPhase;
			buildActionMask = 2147483647;
			dstPath = "";
			dstSubfolderSpec = 13;
			files = (
				FQ000000000000000000B041 /* FocusQuestWidgetsExtension.appex in Embed Foundation Extensions */,
			);
			name = "Embed Foundation Extensions";
			runOnlyForDeploymentPostprocessing = 0;
		};
/* End PBXCopyFilesBuildPhase section */

/* Begin PBXFileReference section */
		FQ0000000000000000000001 /* FocusQuest.app */ = {isa = PBXFileReference; explicitFileType = wrapper.application; includeInIndex = 0; path = FocusQuest.app; sourceTree = BUILT_PRODUCTS_DIR; };
		FQ00000000000000000000F1 /* Config.xcconfig */ = {isa = PBXFileReference; lastKnownFileType = text.xcconfig; path = Config.xcconfig; sourceTree = "<group>"; };
		FQ000000000000000000B001 /* FocusQuestWidgetsExtension.appex */ = {isa = PBXFileReference; explicitFileType = "wrapper.app-extension"; includeInIndex = 0; path = FocusQuestWidgetsExtension.appex; sourceTree = BUILT_PRODUCTS_DIR; };
		FQ000000000000000000B002 /* FocusActivityAttributes.swift */ = {isa = PBXFileReference; lastKnownFileType = sourcecode.swift; path = FocusActivityAttributes.swift; sourceTree = "<group>"; };
/* End PBXFileReference section */

/* Begin PBXFileSystemSynchronizedBuildFileExceptionSet section */
		FQ00000000000000000000E1 /* Exceptions for "FocusQuest" folder in "FocusQuest" target */ = {
			isa = PBXFileSystemSynchronizedBuildFileExceptionSet;
			membershipExceptions = (
				Info.plist,
			);
			target = FQ0000000000000000000030 /* FocusQuest */;
		};
		FQ000000000000000000B0E1 /* Exceptions for "FocusQuestWidgets" folder in "FocusQuestWidgetsExtension" target */ = {
			isa = PBXFileSystemSynchronizedBuildFileExceptionSet;
			membershipExceptions = (
				Info.plist,
			);
			target = FQ000000000000000000B030 /* FocusQuestWidgetsExtension */;
		};
/* End PBXFileSystemSynchronizedBuildFileExceptionSet section */

/* Begin PBXFileSystemSynchronizedRootGroup section */
		FQ0000000000000000000010 /* FocusQuest */ = {
			isa = PBXFileSystemSynchronizedRootGroup;
			exceptions = (
				FQ00000000000000000000E1 /* Exceptions for "FocusQuest" folder in "FocusQuest" target */,
			);
			path = FocusQuest;
			sourceTree = "<group>";
		};
		FQ000000000000000000B010 /* FocusQuestWidgets */ = {
			isa = PBXFileSystemSynchronizedRootGroup;
			exceptions = (
				FQ000000000000000000B0E1 /* Exceptions for "FocusQuestWidgets" folder in "FocusQuestWidgetsExtension" target */,
			);
			path = FocusQuestWidgets;
			sourceTree = "<group>";
		};
/* End PBXFileSystemSynchronizedRootGroup section */

/* Begin PBXFrameworksBuildPhase section */
		FQ0000000000000000000021 /* Frameworks */ = {
			isa = PBXFrameworksBuildPhase;
			buildActionMask = 2147483647;
			files = (
			);
			runOnlyForDeploymentPostprocessing = 0;
		};
		FQ000000000000000000B021 /* Frameworks */ = {
			isa = PBXFrameworksBuildPhase;
			buildActionMask = 2147483647;
			files = (
			);
			runOnlyForDeploymentPostprocessing = 0;
		};
/* End PBXFrameworksBuildPhase section */

/* Begin PBXGroup section */
		FQ0000000000000000000000 /* Main */ = {
			isa = PBXGroup;
			children = (
				FQ00000000000000000000F1 /* Config.xcconfig */,
				FQ0000000000000000000010 /* FocusQuest */,
				FQ000000000000000000B010 /* FocusQuestWidgets */,
				FQ000000000000000000B005 /* Shared */,
				FQ0000000000000000000002 /* Products */,
			);
			sourceTree = "<group>";
		};
		FQ000000000000000000B005 /* Shared */ = {
			isa = PBXGroup;
			children = (
				FQ000000000000000000B002 /* FocusActivityAttributes.swift */,
			);
			path = Shared;
			sourceTree = "<group>";
		};
		FQ0000000000000000000002 /* Products */ = {
			isa = PBXGroup;
			children = (
				FQ0000000000000000000001 /* FocusQuest.app */,
				FQ000000000000000000B001 /* FocusQuestWidgetsExtension.appex */,
			);
			name = Products;
			sourceTree = "<group>";
		};
/* End PBXGroup section */

/* Begin PBXNativeTarget section */
		FQ0000000000000000000030 /* FocusQuest */ = {
			isa = PBXNativeTarget;
			buildConfigurationList = FQ0000000000000000000034 /* Build configuration list for PBXNativeTarget "FocusQuest" */;
			buildPhases = (
				FQ0000000000000000000020 /* Sources */,
				FQ0000000000000000000021 /* Frameworks */,
				FQ0000000000000000000022 /* Resources */,
				FQ000000000000000000B040 /* Embed Foundation Extensions */,
			);
			buildRules = (
			);
			dependencies = (
				FQ000000000000000000B060 /* PBXTargetDependency */,
			);
			fileSystemSynchronizedGroups = (
				FQ0000000000000000000010 /* FocusQuest */,
			);
			name = FocusQuest;
			productName = FocusQuest;
			productReference = FQ0000000000000000000001 /* FocusQuest.app */;
			productType = "com.apple.product-type.application";
		};
		FQ000000000000000000B030 /* FocusQuestWidgetsExtension */ = {
			isa = PBXNativeTarget;
			buildConfigurationList = FQ000000000000000000B034 /* Build configuration list for PBXNativeTarget "FocusQuestWidgetsExtension" */;
			buildPhases = (
				FQ000000000000000000B020 /* Sources */,
				FQ000000000000000000B021 /* Frameworks */,
				FQ000000000000000000B022 /* Resources */,
			);
			buildRules = (
			);
			dependencies = (
			);
			fileSystemSynchronizedGroups = (
				FQ000000000000000000B010 /* FocusQuestWidgets */,
			);
			name = FocusQuestWidgetsExtension;
			productName = FocusQuestWidgetsExtension;
			productReference = FQ000000000000000000B001 /* FocusQuestWidgetsExtension.appex */;
			productType = "com.apple.product-type.app-extension";
		};
/* End PBXNativeTarget section */

/* Begin PBXProject section */
		FQ0000000000000000000050 /* Project object */ = {
			isa = PBXProject;
			attributes = {
				BuildIndependentTargetsInParallel = 1;
				LastSwiftUpdateCheck = 1600;
				LastUpgradeCheck = 1600;
				TargetAttributes = {
					FQ0000000000000000000030 = {
						CreatedOnToolsVersion = 16.0;
					};
					FQ000000000000000000B030 = {
						CreatedOnToolsVersion = 16.0;
					};
				};
			};
			buildConfigurationList = FQ0000000000000000000053 /* Build configuration list for PBXProject "FocusQuest" */;
			compatibilityVersion = "Xcode 15.0";
			developmentRegion = en;
			hasScannedForEncodings = 0;
			knownRegions = (
				en,
				Base,
			);
			mainGroup = FQ0000000000000000000000 /* Main */;
			minimizedProjectReferenceProxies = 1;
			preferredProjectObjectVersion = 77;
			productRefGroup = FQ0000000000000000000002 /* Products */;
			projectDirPath = "";
			projectRoot = "";
			targets = (
				FQ0000000000000000000030 /* FocusQuest */,
				FQ000000000000000000B030 /* FocusQuestWidgetsExtension */,
			);
		};
/* End PBXProject section */

/* Begin PBXResourcesBuildPhase section */
		FQ0000000000000000000022 /* Resources */ = {
			isa = PBXResourcesBuildPhase;
			buildActionMask = 2147483647;
			files = (
			);
			runOnlyForDeploymentPostprocessing = 0;
		};
		FQ000000000000000000B022 /* Resources */ = {
			isa = PBXResourcesBuildPhase;
			buildActionMask = 2147483647;
			files = (
			);
			runOnlyForDeploymentPostprocessing = 0;
		};
/* End PBXResourcesBuildPhase section */

/* Begin PBXSourcesBuildPhase section */
		FQ0000000000000000000020 /* Sources */ = {
			isa = PBXSourcesBuildPhase;
			buildActionMask = 2147483647;
			files = (
				FQ000000000000000000B003 /* FocusActivityAttributes.swift in Sources (app) */,
			);
			runOnlyForDeploymentPostprocessing = 0;
		};
		FQ000000000000000000B020 /* Sources */ = {
			isa = PBXSourcesBuildPhase;
			buildActionMask = 2147483647;
			files = (
				FQ000000000000000000B004 /* FocusActivityAttributes.swift in Sources (widget) */,
			);
			runOnlyForDeploymentPostprocessing = 0;
		};
/* End PBXSourcesBuildPhase section */

/* Begin PBXTargetDependency section */
		FQ000000000000000000B060 /* PBXTargetDependency */ = {
			isa = PBXTargetDependency;
			target = FQ000000000000000000B030 /* FocusQuestWidgetsExtension */;
			targetProxy = FQ000000000000000000B061 /* PBXContainerItemProxy */;
		};
/* End PBXTargetDependency section */

/* Begin PBXContainerItemProxy section */
		FQ000000000000000000B061 /* PBXContainerItemProxy */ = {
			isa = PBXContainerItemProxy;
			containerPortal = FQ0000000000000000000050 /* Project object */;
			proxyType = 1;
			remoteGlobalIDString = FQ000000000000000000B030;
			remoteInfo = FocusQuestWidgetsExtension;
		};
/* End PBXContainerItemProxy section */

/* Begin XCBuildConfiguration section */
		FQ0000000000000000000051 /* Debug */ = {
			isa = XCBuildConfiguration;
			buildSettings = {
				ALWAYS_SEARCH_USER_PATHS = NO;
				ASSETCATALOG_COMPILER_GENERATE_SWIFT_ASSET_SYMBOL_EXTENSIONS = YES;
				CLANG_ANALYZER_NONNULL = YES;
				CLANG_ANALYZER_NUMBER_OBJECT_CONVERSION = YES_AGGRESSIVE;
				CLANG_ENABLE_MODULES = YES;
				CLANG_ENABLE_OBJC_ARC = YES;
				CLANG_WARN_BLOCK_CAPTURE_AUTORELEASING = YES;
				CLANG_WARN_BOOL_CONVERSION = YES;
				CLANG_WARN_DOCUMENTATION_COMMENTS = YES;
				CLANG_WARN_EMPTY_BODY = YES;
				CLANG_WARN_ENUM_CONVERSION = YES;
				CLANG_WARN_INFINITE_RECURSION = YES;
				CLANG_WARN_INT_CONVERSION = YES;
				CLANG_WARN_UNGUARDED_AVAILABILITY = YES_AGGRESSIVE;
				COPY_PHASE_STRIP = NO;
				DEBUG_INFORMATION_FORMAT = dwarf;
				ENABLE_STRICT_OBJC_MSGSEND = YES;
				ENABLE_TESTABILITY = YES;
				ENABLE_USER_SCRIPT_SANDBOXING = YES;
				GCC_C_LANGUAGE_STANDARD = gnu17;
				GCC_DYNAMIC_NO_PIC = NO;
				GCC_NO_COMMON_BLOCKS = YES;
				GCC_OPTIMIZATION_LEVEL = 0;
				GCC_PREPROCESSOR_DEFINITIONS = (
					"DEBUG=1",
					"$(inherited)",
				);
				GCC_WARN_64_TO_32_BIT_CONVERSION = YES;
				GCC_WARN_ABOUT_RETURN_TYPE = YES_ERROR;
				GCC_WARN_UNINITIALIZED_AUTOS = YES_AGGRESSIVE;
				GCC_WARN_UNUSED_FUNCTION = YES;
				GCC_WARN_UNUSED_VARIABLE = YES;
				IPHONEOS_DEPLOYMENT_TARGET = 17.0;
				MTL_ENABLE_DEBUG_INFO = INCLUDE_SOURCE;
				MTL_FAST_MATH = YES;
				ONLY_ACTIVE_ARCH = YES;
				SDKROOT = iphoneos;
				SWIFT_ACTIVE_COMPILATION_CONDITIONS = "DEBUG $(inherited)";
				SWIFT_OPTIMIZATION_LEVEL = "-Onone";
			};
			name = Debug;
		};
		FQ0000000000000000000052 /* Release */ = {
			isa = XCBuildConfiguration;
			buildSettings = {
				ALWAYS_SEARCH_USER_PATHS = NO;
				ASSETCATALOG_COMPILER_GENERATE_SWIFT_ASSET_SYMBOL_EXTENSIONS = YES;
				CLANG_ANALYZER_NONNULL = YES;
				CLANG_ANALYZER_NUMBER_OBJECT_CONVERSION = YES_AGGRESSIVE;
				CLANG_ENABLE_MODULES = YES;
				CLANG_ENABLE_OBJC_ARC = YES;
				CLANG_WARN_BLOCK_CAPTURE_AUTORELEASING = YES;
				CLANG_WARN_BOOL_CONVERSION = YES;
				CLANG_WARN_DOCUMENTATION_COMMENTS = YES;
				CLANG_WARN_EMPTY_BODY = YES;
				CLANG_WARN_ENUM_CONVERSION = YES;
				CLANG_WARN_INFINITE_RECURSION = YES;
				CLANG_WARN_INT_CONVERSION = YES;
				CLANG_WARN_UNGUARDED_AVAILABILITY = YES_AGGRESSIVE;
				COPY_PHASE_STRIP = NO;
				DEBUG_INFORMATION_FORMAT = "dwarf-with-dsym";
				ENABLE_NS_ASSERTIONS = NO;
				ENABLE_STRICT_OBJC_MSGSEND = YES;
				ENABLE_USER_SCRIPT_SANDBOXING = YES;
				GCC_C_LANGUAGE_STANDARD = gnu17;
				GCC_NO_COMMON_BLOCKS = YES;
				GCC_WARN_64_TO_32_BIT_CONVERSION = YES;
				GCC_WARN_ABOUT_RETURN_TYPE = YES_ERROR;
				GCC_WARN_UNINITIALIZED_AUTOS = YES_AGGRESSIVE;
				GCC_WARN_UNUSED_FUNCTION = YES;
				GCC_WARN_UNUSED_VARIABLE = YES;
				IPHONEOS_DEPLOYMENT_TARGET = 17.0;
				MTL_ENABLE_DEBUG_INFO = NO;
				MTL_FAST_MATH = YES;
				SDKROOT = iphoneos;
				SWIFT_COMPILATION_MODE = wholemodule;
				VALIDATE_PRODUCT = YES;
			};
			name = Release;
		};
		FQ0000000000000000000055 /* Debug */ = {
			isa = XCBuildConfiguration;
			baseConfigurationReference = FQ00000000000000000000F1 /* Config.xcconfig */;
			buildSettings = {
				ASSETCATALOG_COMPILER_APPICON_NAME = AppIcon;
				ASSETCATALOG_COMPILER_GLOBAL_ACCENT_COLOR_NAME = AccentColor;
				CODE_SIGN_ENTITLEMENTS = FocusQuest/FocusQuest.entitlements;
				CODE_SIGN_STYLE = Automatic;
				CURRENT_PROJECT_VERSION = 1;
				ENABLE_PREVIEWS = YES;
				GENERATE_INFOPLIST_FILE = NO;
				INFOPLIST_FILE = FocusQuest/Info.plist;
				INFOPLIST_KEY_UIApplicationSupportsIndirectInputEvents = YES;
				IPHONEOS_DEPLOYMENT_TARGET = 17.0;
				LD_RUNPATH_SEARCH_PATHS = (
					"$(inherited)",
					"@executable_path/Frameworks",
				);
				MARKETING_VERSION = 0.1.0;
				PRODUCT_BUNDLE_IDENTIFIER = app.focusquest.ios;
				PRODUCT_NAME = "$(TARGET_NAME)";
				SWIFT_EMIT_LOC_STRINGS = YES;
				SWIFT_VERSION = 5.0;
				TARGETED_DEVICE_FAMILY = 1;
			};
			name = Debug;
		};
		FQ0000000000000000000056 /* Release */ = {
			isa = XCBuildConfiguration;
			baseConfigurationReference = FQ00000000000000000000F1 /* Config.xcconfig */;
			buildSettings = {
				ASSETCATALOG_COMPILER_APPICON_NAME = AppIcon;
				ASSETCATALOG_COMPILER_GLOBAL_ACCENT_COLOR_NAME = AccentColor;
				CODE_SIGN_ENTITLEMENTS = FocusQuest/FocusQuest.entitlements;
				CODE_SIGN_STYLE = Automatic;
				CURRENT_PROJECT_VERSION = 1;
				ENABLE_PREVIEWS = YES;
				GENERATE_INFOPLIST_FILE = NO;
				INFOPLIST_FILE = FocusQuest/Info.plist;
				INFOPLIST_KEY_UIApplicationSupportsIndirectInputEvents = YES;
				IPHONEOS_DEPLOYMENT_TARGET = 17.0;
				LD_RUNPATH_SEARCH_PATHS = (
					"$(inherited)",
					"@executable_path/Frameworks",
				);
				MARKETING_VERSION = 0.1.0;
				PRODUCT_BUNDLE_IDENTIFIER = app.focusquest.ios;
				PRODUCT_NAME = "$(TARGET_NAME)";
				SWIFT_EMIT_LOC_STRINGS = YES;
				SWIFT_VERSION = 5.0;
				TARGETED_DEVICE_FAMILY = 1;
			};
			name = Release;
		};
		FQ000000000000000000B055 /* Debug */ = {
			isa = XCBuildConfiguration;
			buildSettings = {
				ASSETCATALOG_COMPILER_GLOBAL_ACCENT_COLOR_NAME = AccentColor;
				CLANG_ANALYZER_NONNULL = YES;
				CLANG_ENABLE_OBJC_ARC = YES;
				CODE_SIGN_STYLE = Automatic;
				CURRENT_PROJECT_VERSION = 1;
				GENERATE_INFOPLIST_FILE = YES;
				INFOPLIST_FILE = FocusQuestWidgets/Info.plist;
				INFOPLIST_KEY_CFBundleDisplayName = FocusQuest;
				INFOPLIST_KEY_NSHumanReadableCopyright = "";
				IPHONEOS_DEPLOYMENT_TARGET = 17.0;
				LD_RUNPATH_SEARCH_PATHS = (
					"$(inherited)",
					"@executable_path/Frameworks",
					"@executable_path/../../Frameworks",
				);
				MARKETING_VERSION = 0.1.0;
				MTL_ENABLE_DEBUG_INFO = INCLUDE_SOURCE;
				PRODUCT_BUNDLE_IDENTIFIER = app.focusquest.ios.widgets;
				PRODUCT_NAME = "$(TARGET_NAME)";
				SKIP_INSTALL = YES;
				SWIFT_ACTIVE_COMPILATION_CONDITIONS = "DEBUG $(inherited)";
				SWIFT_EMIT_LOC_STRINGS = YES;
				SWIFT_OPTIMIZATION_LEVEL = "-Onone";
				SWIFT_VERSION = 5.0;
				TARGETED_DEVICE_FAMILY = 1;
			};
			name = Debug;
		};
		FQ000000000000000000B056 /* Release */ = {
			isa = XCBuildConfiguration;
			buildSettings = {
				ASSETCATALOG_COMPILER_GLOBAL_ACCENT_COLOR_NAME = AccentColor;
				CLANG_ANALYZER_NONNULL = YES;
				CLANG_ENABLE_OBJC_ARC = YES;
				CODE_SIGN_STYLE = Automatic;
				CURRENT_PROJECT_VERSION = 1;
				GENERATE_INFOPLIST_FILE = YES;
				INFOPLIST_FILE = FocusQuestWidgets/Info.plist;
				INFOPLIST_KEY_CFBundleDisplayName = FocusQuest;
				INFOPLIST_KEY_NSHumanReadableCopyright = "";
				IPHONEOS_DEPLOYMENT_TARGET = 17.0;
				LD_RUNPATH_SEARCH_PATHS = (
					"$(inherited)",
					"@executable_path/Frameworks",
					"@executable_path/../../Frameworks",
				);
				MARKETING_VERSION = 0.1.0;
				PRODUCT_BUNDLE_IDENTIFIER = app.focusquest.ios.widgets;
				PRODUCT_NAME = "$(TARGET_NAME)";
				SKIP_INSTALL = YES;
				SWIFT_COMPILATION_MODE = wholemodule;
				SWIFT_EMIT_LOC_STRINGS = YES;
				SWIFT_VERSION = 5.0;
				TARGETED_DEVICE_FAMILY = 1;
			};
			name = Release;
		};
/* End XCBuildConfiguration section */

/* Begin XCConfigurationList section */
		FQ0000000000000000000053 /* Build configuration list for PBXProject "FocusQuest" */ = {
			isa = XCConfigurationList;
			buildConfigurations = (
				FQ0000000000000000000051 /* Debug */,
				FQ0000000000000000000052 /* Release */,
			);
			defaultConfigurationIsVisible = 0;
			defaultConfigurationName = Release;
		};
		FQ0000000000000000000034 /* Build configuration list for PBXNativeTarget "FocusQuest" */ = {
			isa = XCConfigurationList;
			buildConfigurations = (
				FQ0000000000000000000055 /* Debug */,
				FQ0000000000000000000056 /* Release */,
			);
			defaultConfigurationIsVisible = 0;
			defaultConfigurationName = Release;
		};
		FQ000000000000000000B034 /* Build configuration list for PBXNativeTarget "FocusQuestWidgetsExtension" */ = {
			isa = XCConfigurationList;
			buildConfigurations = (
				FQ000000000000000000B055 /* Debug */,
				FQ000000000000000000B056 /* Release */,
			);
			defaultConfigurationIsVisible = 0;
			defaultConfigurationName = Release;
		};
/* End XCConfigurationList section */
	};
	rootObject = FQ0000000000000000000050 /* Project object */;
}
